// !$*UTF8*$!
{
	archiveVersion = 1;
	classes = {
	};
	objectVersion = 56;
	objects = {

/* Begin PBXBuildFile section */
		5AE8B1352B264587007FE3AE /* AppDelegate.swift in Sources */ = {isa = PBXBuildFile; fileRef = 5AE8B1342B264587007FE3AE /* AppDelegate.swift */; };
		5AE8B1372B264587007FE3AE /* SceneDelegate.swift in Sources */ = {isa = PBXBuildFile; fileRef = 5AE8B1362B264587007FE3AE /* SceneDelegate.swift */; };
		5AE8B1392B264587007FE3AE /* HomeViewController.swift in Sources */ = {isa = PBXBuildFile; fileRef = 5AE8B1382B264587007FE3AE /* HomeViewController.swift */; };
		5AE8B13E2B264588007FE3AE /* Assets.xcassets in Resources */ = {isa = PBXBuildFile; fileRef = 5AE8B13D2B264588007FE3AE /* Assets.xcassets */; };
		5AE8B14E2B264FCC007FE3AE /* AnimalDetails.swift in Sources */ = {isa = PBXBuildFile; fileRef = 5AE8B14D2B264FCC007FE3AE /* AnimalDetails.swift */; };
		5AE8B1502B264FE1007FE3AE /* AnimalsList.swift in Sources */ = {isa = PBXBuildFile; fileRef = 5AE8B14F2B264FE1007FE3AE /* AnimalsList.swift */; };
		5AE8B1522B264FFB007FE3AE /* HomeView.swift in Sources */ = {isa = PBXBuildFile; fileRef = 5AE8B1512B264FFB007FE3AE /* HomeView.swift */; };
		5AE8B1542B265023007FE3AE /* AnimalViewCell.swift in Sources */ = {isa = PBXBuildFile; fileRef = 5AE8B1532B265023007FE3AE /* AnimalViewCell.swift */; };
		5AE8B1562B26507A007FE3AE /* Service.swift in Sources */ = {isa = PBXBuildFile; fileRef = 5AE8B1552B26507A007FE3AE /* Service.swift */; };
/* End PBXBuildFile section */

/* Begin PBXFileReference section */
		5AE8B1312B264587007FE3AE /* PetHome.app */ = {isa = PBXFileReference; explicitFileType = wrapper.application; includeInIndex = 0; path = PetHome.app; sourceTree = BUILT_PRODUCTS_DIR; };
		5AE8B1342B264587007FE3AE /* AppDelegate.swift */ = {isa = PBXFileReference; lastKnownFileType = sourcecode.swift; path = AppDelegate.swift; sourceTree = "<group>"; };
		5AE8B1362B264587007FE3AE /* SceneDelegate.swift */ = {isa = PBXFileReference; lastKnownFileType = sourcecode.swift; path = SceneDelegate.swift; sourceTree = "<group>"; };
		5AE8B1382B264587007FE3AE /* HomeViewController.swift */ = {isa = PBXFileReference; lastKnownFileType = sourcecode.swift; path = HomeViewController.swift; sourceTree = "<group>"; };
		5AE8B13D2B264588007FE3AE /* Assets.xcassets */ = {isa = PBXFileReference; lastKnownFileType = folder.assetcatalog; path = Assets.xcassets; sourceTree = "<group>"; };
		5AE8B1422B264588007FE3AE /* Info.plist */ = {isa = PBXFileReference; lastKnownFileType = text.plist.xml; path = Info.plist; sourceTree = "<group>"; };
		5AE8B14D2B264FCC007FE3AE /* AnimalDetails.swift */ = {isa = PBXFileReference; lastKnownFileType = sourcecode.swift; path = AnimalDetails.swift; sourceTree = "<group>"; };
		5AE8B14F2B264FE1007FE3AE /* AnimalsList.swift */ = {isa = PBXFileReference; lastKnownFileType = sourcecode.swift; path = AnimalsList.swift; sourceTree = "<group>"; };
		5AE8B1512B264FFB007FE3AE /* HomeView.swift */ = {isa = PBXFileReference; lastKnownFileType = sourcecode.swift; path = HomeView.swift; sourceTree = "<group>"; };
		5AE8B1532B265023007FE3AE /* AnimalViewCell.swift */ = {isa = PBXFileReference; lastKnownFileType = sourcecode.swift; path = AnimalViewCell.swift; sourceTree = "<group>"; };
		5AE8B1552B26507A007FE3AE /* Service.swift */ = {isa = PBXFileReference; lastKnownFileType = sourcecode.swift; path = Service.swift; sourceTree = "<group>"; };
/* End PBXFileReference section */

/* Begin PBXFrameworksBuildPhase section */
		5AE8B12E2B264587007FE3AE /* Frameworks */ = {
			isa = PBXFrameworksBuildPhase;
			buildActionMask = 2147483647;
			files = (
			);
			runOnlyForDeploymentPostprocessing = 0;
		};
/* End PBXFrameworksBuildPhase section */

/* Begin PBXGroup section */
		5AE8B1282B264587007FE3AE = {
			isa = PBXGroup;
			children = (
				5AE8B1332B264587007FE3AE /* PetHome */,
				5AE8B1322B264587007FE3AE /* Products */,
			);
			sourceTree = "<group>";
		};
		5AE8B1322B264587007FE3AE /* Products */ = {
			isa = PBXGroup;
			children = (
				5AE8B1312B264587007FE3AE /* PetHome.app */,
			);
			name = Products;
			sourceTree = "<group>";
		};
		5AE8B1332B264587007FE3AE /* PetHome */ = {
			isa = PBXGroup;
			children = (
				5AE8B14C2B264F6D007FE3AE /* Components */,
				5AE8B14B2B264F66007FE3AE /* View */,
				5AE8B14A2B264F5B007FE3AE /* Model */,
				5AE8B1492B264F53007FE3AE /* Controller */,
				5AE8B1482B264F3E007FE3AE /* Service */,
				5AE8B1422B264588007FE3AE /* Info.plist */,
			);
			path = PetHome;
			sourceTree = "<group>";
		};
		5AE8B1482B264F3E007FE3AE /* Service */ = {
			isa = PBXGroup;
			children = (
				5AE8B1552B26507A007FE3AE /* Service.swift */,
			);
			path = Service;
			sourceTree = "<group>";
		};
		5AE8B1492B264F53007FE3AE /* Controller */ = {
			isa = PBXGroup;
			children = (
				5AE8B1382B264587007FE3AE /* HomeViewController.swift */,
				5AE8B1342B264587007FE3AE /* AppDelegate.swift */,
				5AE8B1362B264587007FE3AE /* SceneDelegate.swift */,
			);
			path = Controller;
			sourceTree = "<group>";
		};
		5AE8B14A2B264F5B007FE3AE /* Model */ = {
			isa = PBXGroup;
			children = (
				5AE8B13D2B264588007FE3AE /* Assets.xcassets */,
				5AE8B14D2B264FCC007FE3AE /* AnimalDetails.swift */,
				5AE8B14F2B264FE1007FE3AE /* AnimalsList.swift */,
			);
			path = Model;
			sourceTree = "<group>";
		};
		5AE8B14B2B264F66007FE3AE /* View */ = {
			isa = PBXGroup;
			children = (
				5AE8B1512B264FFB007FE3AE /* HomeView.swift */,
			);
			path = View;
			sourceTree = "<group>";
		};
		5AE8B14C2B264F6D007FE3AE /* Components */ = {
			isa = PBXGroup;
			children = (
				5AE8B1532B265023007FE3AE /* AnimalViewCell.swift */,
			);
			path = Components;
			sourceTree = "<group>";
		};
/* End PBXGroup section */

/* Begin PBXNativeTarget section */
		5AE8B1302B264587007FE3AE /* PetHome */ = {
			isa = PBXNativeTarget;
			buildConfigurationList = 5AE8B1452B264588007FE3AE /* Build configuration list for PBXNativeTarget "PetHome" */;
			buildPhases = (
				5AE8B12D2B264587007FE3AE /* Sources */,
				5AE8B12E2B264587007FE3AE /* Frameworks */,
				5AE8B12F2B264587007FE3AE /* Resources */,
			);
			buildRules = (
			);
			dependencies = (
			);
			name = PetHome;
			productName = PetHome;
			productReference = 5AE8B1312B264587007FE3AE /* PetHome.app */;
			productType = "com.apple.product-type.application";
		};
/* End PBXNativeTarget section */

/* Begin PBXProject section */
		5AE8B1292B264587007FE3AE /* Project object */ = {
			isa = PBXProject;
			attributes = {
				BuildIndependentTargetsInParallel = 1;
				LastSwiftUpdateCheck = 1500;
				LastUpgradeCheck = 1500;
				TargetAttributes = {
					5AE8B1302B264587007FE3AE = {
						CreatedOnToolsVersion = 15.0.1;
					};
				};
			};
			buildConfigurationList = 5AE8B12C2B264587007FE3AE /* Build configuration list for PBXProject "PetHome" */;
			compatibilityVersion = "Xcode 14.0";
			developmentRegion = en;
			hasScannedForEncodings = 0;
			knownRegions = (
				en,
				Base,
			);
			mainGroup = 5AE8B1282B264587007FE3AE;
			productRefGroup = 5AE8B1322B264587007FE3AE /* Products */;
			projectDirPath = "";
			projectRoot = "";
			targets = (
				5AE8B1302B264587007FE3AE /* PetHome */,
			);
		};
/* End PBXProject section */

/* Begin PBXResourcesBuildPhase section */
		5AE8B12F2B264587007FE3AE /* Resources */ = {
			isa = PBXResourcesBuildPhase;
			buildActionMask = 2147483647;
			files = (
				5AE8B13E2B264588007FE3AE /* Assets.xcassets in Resources */,
			);
			runOnlyForDeploymentPostprocessing = 0;
		};
/* End PBXResourcesBuildPhase section */

/* Begin PBXSourcesBuildPhase section */
		5AE8B12D2B264587007FE3AE /* Sources */ = {
			isa = PBXSourcesBuildPhase;
			buildActionMask = 2147483647;
			files = (
				5AE8B1392B264587007FE3AE /* HomeViewController.swift in Sources */,
				5AE8B1562B26507A007FE3AE /* Service.swift in Sources */,
				5AE8B1502B264FE1007FE3AE /* AnimalsList.swift in Sources */,
				5AE8B1352B264587007FE3AE /* AppDelegate.swift in Sources */,
				5AE8B1542B265023007FE3AE /* AnimalViewCell.swift in Sources */,
				5AE8B1522B264FFB007FE3AE /* HomeView.swift in Sources */,
				5AE8B14E2B264FCC007FE3AE /* AnimalDetails.swift in Sources */,
				5AE8B1372B264587007FE3AE /* SceneDelegate.swift in Sources */,
			);
			runOnlyForDeploymentPostprocessing = 0;
		};
/* End PBXSourcesBuildPhase section */

/* Begin XCBuildConfiguration section */
		5AE8B1432B264588007FE3AE /* Debug */ = {
			isa = XCBuildConfiguration;
			buildSettings = {
				ALWAYS_SEARCH_USER_PATHS = NO;
				ASSETCATALOG_COMPILER_GENERATE_SWIFT_ASSET_SYMBOL_EXTENSIONS = YES;
				CLANG_ANALYZER_NONNULL = YES;
				CLANG_ANALYZER_NUMBER_OBJECT_CONVERSION = YES_AGGRESSIVE;
				CLANG_CXX_LANGUAGE_STANDARD = "gnu++20";
				CLANG_ENABLE_MODULES = YES;
				CLANG_ENABLE_OBJC_ARC = YES;
				CLANG_ENABLE_OBJC_WEAK = YES;
				CLANG_WARN_BLOCK_CAPTURE_AUTORELEASING = YES;
				CLANG_WARN_BOOL_CONVERSION = YES;
				CLANG_WARN_COMMA = YES;
				CLANG_WARN_CONSTANT_CONVERSION = YES;
				CLANG_WARN_DEPRECATED_OBJC_IMPLEMENTATIONS = YES;
				CLANG_WARN_DIRECT_OBJC_ISA_USAGE = YES_ERROR;
				CLANG_WARN_DOCUMENTATION_COMMENTS = YES;
				CLANG_WARN_EMPTY_BODY = YES;
				CLANG_WARN_ENUM_CONVERSION = YES;
				CLANG_WARN_INFINITE_RECURSION = YES;
				CLANG_WARN_INT_CONVERSION = YES;
				CLANG_WARN_NON_LITERAL_NULL_CONVERSION = YES;
				CLANG_WARN_OBJC_IMPLICIT_RETAIN_SELF = YES;
				CLANG_WARN_OBJC_LITERAL_CONVERSION = YES;
				CLANG_WARN_OBJC_ROOT_CLASS = YES_ERROR;
				CLANG_WARN_QUOTED_INCLUDE_IN_FRAMEWORK_HEADER = YES;
				CLANG_WARN_RANGE_LOOP_ANALYSIS = YES;
				CLANG_WARN_STRICT_PROTOTYPES = YES;
				CLANG_WARN_SUSPICIOUS_MOVE = YES;
				CLANG_WARN_UNGUARDED_AVAILABILITY = YES_AGGRESSIVE;
				CLANG_WARN_UNREACHABLE_CODE = YES;
				CLANG_WARN__DUPLICATE_METHOD_MATCH = YES;
				COPY_PHASE_STRIP = NO;
				DEBUG_INFORMATION_FORMAT = dwarf;
				ENABLE_STRICT_OBJC_MSGSEND = YES;
				ENABLE_TESTABILITY = YES;
				ENABLE_USER_SCRIPT_SANDBOXING = YES;
				GCC_C_LANGUAGE_STANDARD = gnu17;
				GCC_DYNAMIC_NO_PIC = NO;
				GCC_NO_COMMON_BLOCKS = YES;
				GCC_OPTIMIZATION_LEVEL = 0;
				GCC_PREPROCESSOR_DEFINITIONS = (
					"DEBUG=1",
					"$(inherited)",
				);
				GCC_WARN_64_TO_32_BIT_CONVERSION = YES;
				GCC_WARN_ABOUT_RETURN_TYPE = YES_ERROR;
				GCC_WARN_UNDECLARED_SELECTOR = YES;
				GCC_WARN_UNINITIALIZED_AUTOS = YES_AGGRESSIVE;
				GCC_WARN_UNUSED_FUNCTION = YES;
				GCC_WARN_UNUSED_VARIABLE = YES;
				IPHONEOS_DEPLOYMENT_TARGET = 17.0;
				LOCALIZATION_PREFERS_STRING_CATALOGS = YES;
				MTL_ENABLE_DEBUG_INFO = INCLUDE_SOURCE;
				MTL_FAST_MATH = YES;
				ONLY_ACTIVE_ARCH = YES;
				SDKROOT = iphoneos;
				SWIFT_ACTIVE_COMPILATION_CONDITIONS = "DEBUG $(inherited)";
				SWIFT_OPTIMIZATION_LEVEL = "-Onone";
			};
			name = Debug;
		};
		5AE8B1442B264588007FE3AE /* Release */ = {
			isa = XCBuildConfiguration;
			buildSettings = {
				ALWAYS_SEARCH_USER_PATHS = NO;
				ASSETCATALOG_COMPILER_GENERATE_SWIFT_ASSET_SYMBOL_EXTENSIONS = YES;
				CLANG_ANALYZER_NONNULL = YES;
				CLANG_ANALYZER_NUMBER_OBJECT_CONVERSION = YES_AGGRESSIVE;
				CLANG_CXX_LANGUAGE_STANDARD = "gnu++20";
				CLANG_ENABLE_MODULES = YES;
				CLANG_ENABLE_OBJC_ARC = YES;
				CLANG_ENABLE_OBJC_WEAK = YES;
				CLANG_WARN_BLOCK_CAPTURE_AUTORELEASING = YES;
				CLANG_WARN_BOOL_CONVERSION = YES;
				CLANG_WARN_COMMA = YES;
				CLANG_WARN_CONSTANT_CONVERSION = YES;
				CLANG_WARN_DEPRECATED_OBJC_IMPLEMENTATIONS = YES;
				CLANG_WARN_DIRECT_OBJC_ISA_USAGE = YES_ERROR;
				CLANG_WARN_DOCUMENTATION_COMMENTS = YES;
				CLANG_WARN_EMPTY_BODY = YES;
				CLANG_WARN_ENUM_CONVERSION = YES;
				CLANG_WARN_INFINITE_RECURSION = YES;
				CLANG_WARN_INT_CONVERSION = YES;
				CLANG_WARN_NON_LITERAL_NULL_CONVERSION = YES;
				CLANG_WARN_OBJC_IMPLICIT_RETAIN_SELF = YES;
				CLANG_WARN_OBJC_LITERAL_CONVERSION = YES;
				CLANG_WARN_OBJC_ROOT_CLASS = YES_ERROR;
				CLANG_WARN_QUOTED_INCLUDE_IN_FRAMEWORK_HEADER = YES;
				CLANG_WARN_RANGE_LOOP_ANALYSIS = YES;
				CLANG_WARN_STRICT_PROTOTYPES = YES;
				CLANG_WARN_SUSPICIOUS_MOVE = YES;
				CLANG_WARN_UNGUARDED_AVAILABILITY = YES_AGGRESSIVE;
				CLANG_WARN_UNREACHABLE_CODE = YES;
				CLANG_WARN__DUPLICATE_METHOD_MATCH = YES;
				COPY_PHASE_STRIP = NO;
				DEBUG_INFORMATION_FORMAT = "dwarf-with-dsym";
				ENABLE_NS_ASSERTIONS = NO;
				ENABLE_STRICT_OBJC_MSGSEND = YES;
				ENABLE_USER_SCRIPT_SANDBOXING = YES;
				GCC_C_LANGUAGE_STANDARD = gnu17;
				GCC_NO_COMMON_BLOCKS = YES;
				GCC_WARN_64_TO_32_BIT_CONVERSION = YES;
				GCC_WARN_ABOUT_RETURN_TYPE = YES_ERROR;
				GCC_WARN_UNDECLARED_SELECTOR = YES;
				GCC_WARN_UNINITIALIZED_AUTOS = YES_AGGRESSIVE;
				GCC_WARN_UNUSED_FUNCTION = YES;
				GCC_WARN_UNUSED_VARIABLE = YES;
				IPHONEOS_DEPLOYMENT_TARGET = 17.0;
				LOCALIZATION_PREFERS_STRING_CATALOGS = YES;
				MTL_ENABLE_DEBUG_INFO = NO;
				MTL_FAST_MATH = YES;
				SDKROOT = iphoneos;
				SWIFT_COMPILATION_MODE = wholemodule;
				VALIDATE_PRODUCT = YES;
			};
			name = Release;
		};
		5AE8B1462B264588007FE3AE /* Debug */ = {
			isa = XCBuildConfiguration;
			buildSettings = {
				ASSETCATALOG_COMPILER_APPICON_NAME = AppIcon;
				ASSETCATALOG_COMPILER_GLOBAL_ACCENT_COLOR_NAME = AccentColor;
				CODE_SIGN_STYLE = Automatic;
				CURRENT_PROJECT_VERSION = 1;
				GENERATE_INFOPLIST_FILE = YES;
				INFOPLIST_FILE = PetHome/Info.plist;
				INFOPLIST_KEY_UIApplicationSupportsIndirectInputEvents = YES;
				INFOPLIST_KEY_UILaunchStoryboardName = LaunchScreen;
				INFOPLIST_KEY_UIMainStoryboardFile = "";
				INFOPLIST_KEY_UISupportedInterfaceOrientations_iPad = "UIInterfaceOrientationPortrait UIInterfaceOrientationPortraitUpsideDown UIInterfaceOrientationLandscapeLeft UIInterfaceOrientationLandscapeRight";
				INFOPLIST_KEY_UISupportedInterfaceOrientations_iPhone = "UIInterfaceOrientationPortrait UIInterfaceOrientationLandscapeLeft UIInterfaceOrientationLandscapeRight";
				LD_RUNPATH_SEARCH_PATHS = (
					"$(inherited)",
					"@executable_path/Frameworks",
				);
				MARKETING_VERSION = 1.0;
				PRODUCT_BUNDLE_IDENTIFIER = com.amandacamile.PetHome;
				PRODUCT_NAME = "$(TARGET_NAME)";
				SWIFT_EMIT_LOC_STRINGS = YES;
				SWIFT_VERSION = 5.0;
				TARGETED_DEVICE_FAMILY = "1,2";
			};
			name = Debug;
		};
		5AE8B1472B264588007FE3AE /* Release */ = {
			isa = XCBuildConfiguration;
			buildSettings = {
				ASSETCATALOG_COMPILER_APPICON_NAME = AppIcon;
				ASSETCATALOG_COMPILER_GLOBAL_ACCENT_COLOR_NAME = AccentColor;
				CODE_SIGN_STYLE = Automatic;
				CURRENT_PROJECT_VERSION = 1;
				GENERATE_INFOPLIST_FILE = YES;
				INFOPLIST_FILE = PetHome/Info.plist;
				INFOPLIST_KEY_UIApplicationSupportsIndirectInputEvents = YES;
				INFOPLIST_KEY_UILaunchStoryboardName = LaunchScreen;
				INFOPLIST_KEY_UIMainStoryboardFile = "";
				INFOPLIST_KEY_UISupportedInterfaceOrientations_iPad = "UIInterfaceOrientationPortrait UIInterfaceOrientationPortraitUpsideDown UIInterfaceOrientationLandscapeLeft UIInterfaceOrientationLandscapeRight";
				INFOPLIST_KEY_UISupportedInterfaceOrientations_iPhone = "UIInterfaceOrientationPortrait UIInterfaceOrientationLandscapeLeft UIInterfaceOrientationLandscapeRight";
				LD_RUNPATH_SEARCH_PATHS = (
					"$(inherited)",
					"@executable_path/Frameworks",
				);
				MARKETING_VERSION = 1.0;
				PRODUCT_BUNDLE_IDENTIFIER = com.amandacamile.PetHome;
				PRODUCT_NAME = "$(TARGET_NAME)";
				SWIFT_EMIT_LOC_STRINGS = YES;
				SWIFT_VERSION = 5.0;
				TARGETED_DEVICE_FAMILY = "1,2";
			};
			name = Release;
		};
/* End XCBuildConfiguration section */

/* Begin XCConfigurationList section */
		5AE8B12C2B264587007FE3AE /* Build configuration list for PBXProject "PetHome" */ = {
			isa = XCConfigurationList;
			buildConfigurations = (
				5AE8B1432B264588007FE3AE /* Debug */,
				5AE8B1442B264588007FE3AE /* Release */,
			);
			defaultConfigurationIsVisible = 0;
			defaultConfigurationName = Release;
		};
		5AE8B1452B264588007FE3AE /* Build configuration list for PBXNativeTarget "PetHome" */ = {
			isa = XCConfigurationList;
			buildConfigurations = (
				5AE8B1462B264588007FE3AE /* Debug */,
				5AE8B1472B264588007FE3AE /* Release */,
			);
			defaultConfigurationIsVisible = 0;
			defaultConfigurationName = Release;
		};
/* End XCConfigurationList section */
	};
	rootObject = 5AE8B1292B264587007FE3AE /* Project object */;
}
